
Microsoft Visual Studio Solution File, Format Version 11.00
# Visual C++ Express 2010
Project("{8BC9CEB8-8B4A-11D0-8D11-00A0C91BC942}") = "exf1Ctrl", "exf1Ctrl\exf1Ctrl.vcxproj", "{4E74721D-D983-46BC-BD58-10931AC3FFD6}"
	ProjectSection(ProjectDependencies) = postProject
		{D3EE4D7C-A00F-44CE-A3C8-061A4587F925} = {D3EE4D7C-A00F-44CE-A3C8-061A4587F925}
	EndProjectSection
EndProject
Project("{8BC9CEB8-8B4A-11D0-8D11-00A0C91BC942}") = "exf1Opencv", "..\exf1Opencv\exf1Opencv\exf1Opencv.vcxproj", "{81E7509B-8434-4400-9206-7472419B686D}"
	ProjectSection(ProjectDependencies) = postProject
		{D3EE4D7C-A00F-44CE-A3C8-061A4587F925} = {D3EE4D7C-A00F-44CE-A3C8-061A4587F925}
	EndProjectSection
EndProject
Project("{8BC9CEB8-8B4A-11D0-8D11-00A0C91BC942}") = "libexf1", "libexf1\libexf1.vcxproj", "{D3EE4D7C-A00F-44CE-A3C8-061A4587F925}"
EndProject
Project("{8BC9CEB8-8B4A-11D0-8D11-00A0C91BC942}") = "exf1Timelapse", "..\exf1Timelapse\exf1Timelapse\exf1Timelapse.vcxproj", "{94D32A68-1FDB-4846-900A-1CDD853CB3BA}"
	ProjectSection(ProjectDependencies) = postProject
		{D3EE4D7C-A00F-44CE-A3C8-061A4587F925} = {D3EE4D7C-A00F-44CE-A3C8-061A4587F925}
	EndProjectSection
EndProject
Global
	GlobalSection(SolutionConfigurationPlatforms) = preSolution
		Debug|Win32 = Debug|Win32
		Release|Win32 = Release|Win32
	EndGlobalSection
	GlobalSection(ProjectConfigurationPlatforms) = postSolution
		{4E74721D-D983-46BC-BD58-10931AC3FFD6}.Debug|Win32.ActiveCfg = Debug|Win32
		{4E74721D-D983-46BC-BD58-10931AC3FFD6}.Debug|Win32.Build.0 = Debug|Win32
		{4E74721D-D983-46BC-BD58-10931AC3FFD6}.Release|Win32.ActiveCfg = Release|Win32
		{4E74721D-D983-46BC-BD58-10931AC3FFD6}.Release|Win32.Build.0 = Release|Win32
		{81E7509B-8434-4400-9206-7472419B686D}.Debug|Win32.ActiveCfg = Debug|Win32
		{81E7509B-8434-4400-9206-7472419B686D}.Debug|Win32.Build.0 = Debug|Win32
		{81E7509B-8434-4400-9206-7472419B686D}.Release|Win32.ActiveCfg = Release|Win32
		{81E7509B-8434-4400-9206-7472419B686D}.Release|Win32.Build.0 = Release|Win32
		{D3EE4D7C-A00F-44CE-A3C8-061A4587F925}.Debug|Win32.ActiveCfg = Debug|Win32
		{D3EE4D7C-A00F-44CE-A3C8-061A4587F925}.Debug|Win32.Build.0 = Debug|Win32
		{D3EE4D7C-A00F-44CE-A3C8-061A4587F925}.Release|Win32.ActiveCfg = Release|Win32
		{D3EE4D7C-A00F-44CE-A3C8-061A4587F925}.Release|Win32.Build.0 = Release|Win32
		{94D32A68-1FDB-4846-900A-1CDD853CB3BA}.Debug|Win32.ActiveCfg = Debug|Win32
		{94D32A68-1FDB-4846-900A-1CDD853CB3BA}.Debug|Win32.Build.0 = Debug|Win32
		{94D32A68-1FDB-4846-900A-1CDD853CB3BA}.Release|Win32.ActiveCfg = Release|Win32
		{94D32A68-1FDB-4846-900A-1CDD853CB3BA}.Release|Win32.Build.0 = Release|Win32
	EndGlobalSection
	GlobalSection(SolutionProperties) = preSolution
		HideSolutionNode = FALSE
	EndGlobalSection
EndGlobal
